// !$*UTF8*$!
{
	archiveVersion = 1;
	classes = {
	};
	objectVersion = 46;
	objects = {

/* Begin PBXBuildFile section */
		56F730701C27E0E600941962 /* AppDelegate.swift in Sources */ = {isa = PBXBuildFile; fileRef = 56F7306F1C27E0E600941962 /* AppDelegate.swift */; };
		56F730721C27E0E600941962 /* ViewController.swift in Sources */ = {isa = PBXBuildFile; fileRef = 56F730711C27E0E600941962 /* ViewController.swift */; };
		56F730751C27E0E600941962 /* Main.storyboard in Resources */ = {isa = PBXBuildFile; fileRef = 56F730731C27E0E600941962 /* Main.storyboard */; };
		56F730771C27E0E600941962 /* Assets.xcassets in Resources */ = {isa = PBXBuildFile; fileRef = 56F730761C27E0E600941962 /* Assets.xcassets */; };
		56F7307A1C27E0E600941962 /* LaunchScreen.storyboard in Resources */ = {isa = PBXBuildFile; fileRef = 56F730781C27E0E600941962 /* LaunchScreen.storyboard */; };
/* End PBXBuildFile section */

/* Begin PBXFileReference section */
		56F7306C1C27E0E600941962 /* BWCurrencyPickerView.app */ = {isa = PBXFileReference; explicitFileType = wrapper.application; includeInIndex = 0; path = BWCurrencyPickerView.app; sourceTree = BUILT_PRODUCTS_DIR; };
		56F7306F1C27E0E600941962 /* AppDelegate.swift */ = {isa = PBXFileReference; lastKnownFileType = sourcecode.swift; path = AppDelegate.swift; sourceTree = "<group>"; };
		56F730711C27E0E600941962 /* ViewController.swift */ = {isa = PBXFileReference; lastKnownFileType = sourcecode.swift; path = ViewController.swift; sourceTree = "<group>"; };
		56F730741C27E0E600941962 /* Base */ = {isa = PBXFileReference; lastKnownFileType = file.storyboard; name = Base; path = Base.lproj/Main.storyboard; sourceTree = "<group>"; };
		56F730761C27E0E600941962 /* Assets.xcassets */ = {isa = PBXFileReference; lastKnownFileType = folder.assetcatalog; path = Assets.xcassets; sourceTree = "<group>"; };
		56F730791C27E0E600941962 /* Base */ = {isa = PBXFileReference; lastKnownFileType = file.storyboard; name = Base; path = Base.lproj/LaunchScreen.storyboard; sourceTree = "<group>"; };
		56F7307B1C27E0E600941962 /* Info.plist */ = {isa = PBXFileReference; lastKnownFileType = text.plist.xml; path = Info.plist; sourceTree = "<group>"; };
/* End PBXFileReference section */

/* Begin PBXFrameworksBuildPhase section */
		56F730691C27E0E600941962 /* Frameworks */ = {
			isa = PBXFrameworksBuildPhase;
			buildActionMask = 2147483647;
			files = (
			);
			runOnlyForDeploymentPostprocessing = 0;
		};
/* End PBXFrameworksBuildPhase section */

/* Begin PBXGroup section */
		56F730631C27E0E600941962 = {
			isa = PBXGroup;
			children = (
				56F7306E1C27E0E600941962 /* BWCurrencyPickerView */,
				56F7306D1C27E0E600941962 /* Products */,
			);
			sourceTree = "<group>";
		};
		56F7306D1C27E0E600941962 /* Products */ = {
			isa = PBXGroup;
			children = (
				56F7306C1C27E0E600941962 /* BWCurrencyPickerView.app */,
			);
			name = Products;
			sourceTree = "<group>";
		};
		56F7306E1C27E0E600941962 /* BWCurrencyPickerView */ = {
			isa = PBXGroup;
			children = (
				56F7306F1C27E0E600941962 /* AppDelegate.swift */,
				56F730711C27E0E600941962 /* ViewController.swift */,
				56F730731C27E0E600941962 /* Main.storyboard */,
				56F730761C27E0E600941962 /* Assets.xcassets */,
				56F730781C27E0E600941962 /* LaunchScreen.storyboard */,
				56F7307B1C27E0E600941962 /* Info.plist */,
			);
			path = BWCurrencyPickerView;
			sourceTree = "<group>";
		};
/* End PBXGroup section */

/* Begin PBXNativeTarget section */
		56F7306B1C27E0E600941962 /* BWCurrencyPickerView */ = {
			isa = PBXNativeTarget;
			buildConfigurationList = 56F7307E1C27E0E600941962 /* Build configuration list for PBXNativeTarget "BWCurrencyPickerView" */;
			buildPhases = (
				56F730681C27E0E600941962 /* Sources */,
				56F730691C27E0E600941962 /* Frameworks */,
				56F7306A1C27E0E600941962 /* Resources */,
			);
			buildRules = (
			);
			dependencies = (
			);
			name = BWCurrencyPickerView;
			productName = BWCurrencyPickerView;
			productReference = 56F7306C1C27E0E600941962 /* BWCurrencyPickerView.app */;
			productType = "com.apple.product-type.application";
		};
/* End PBXNativeTarget section */

/* Begin PBXProject section */
		56F730641C27E0E600941962 /* Project object */ = {
			isa = PBXProject;
			attributes = {
				LastSwiftUpdateCheck = 0720;
				LastUpgradeCheck = 0720;
				ORGANIZATIONNAME = "Bastian Wirth";
				TargetAttributes = {
					56F7306B1C27E0E600941962 = {
						CreatedOnToolsVersion = 7.2;
					};
				};
			};
			buildConfigurationList = 56F730671C27E0E600941962 /* Build configuration list for PBXProject "BWCurrencyPickerView" */;
			compatibilityVersion = "Xcode 3.2";
			developmentRegion = English;
			hasScannedForEncodings = 0;
			knownRegions = (
				en,
				Base,
			);
			mainGroup = 56F730631C27E0E600941962;
			productRefGroup = 56F7306D1C27E0E600941962 /* Products */;
			projectDirPath = "";
			projectRoot = "";
			targets = (
				56F7306B1C27E0E600941962 /* BWCurrencyPickerView */,
			);
		};
/* End PBXProject section */

/* Begin PBXResourcesBuildPhase section */
		56F7306A1C27E0E600941962 /* Resources */ = {
			isa = PBXResourcesBuildPhase;
			buildActionMask = 2147483647;
			files = (
				56F7307A1C27E0E600941962 /* LaunchScreen.storyboard in Resources */,
				56F730771C27E0E600941962 /* Assets.xcassets in Resources */,
				56F730751C27E0E600941962 /* Main.storyboard in Resources */,
			);
			runOnlyForDeploymentPostprocessing = 0;
		};
/* End PBXResourcesBuildPhase section */

/* Begin PBXSourcesBuildPhase section */
		56F730681C27E0E600941962 /* Sources */ = {
			isa = PBXSourcesBuildPhase;
			buildActionMask = 2147483647;
			files = (
				56F730721C27E0E600941962 /* ViewController.swift in Sources */,
				56F730701C27E0E600941962 /* AppDelegate.swift in Sources */,
			);
			runOnlyForDeploymentPostprocessing = 0;
		};
/* End PBXSourcesBuildPhase section */

/* Begin PBXVariantGroup section */
		56F730731C27E0E600941962 /* Main.storyboard */ = {
			isa = PBXVariantGroup;
			children = (
				56F730741C27E0E600941962 /* Base */,
			);
			name = Main.storyboard;
			sourceTree = "<group>";
		};
		56F730781C27E0E600941962 /* LaunchScreen.storyboard */ = {
			isa = PBXVariantGroup;
			children = (
				56F730791C27E0E600941962 /* Base */,
			);
			name = LaunchScreen.storyboard;
			sourceTree = "<group>";
		};
/* End PBXVariantGroup section */

/* Begin XCBuildConfiguration section */
		56F7307C1C27E0E600941962 /* Debug */ = {
			isa = XCBuildConfiguration;
			buildSettings = {
				ALWAYS_SEARCH_USER_PATHS = NO;
				CLANG_CXX_LANGUAGE_STANDARD = "gnu++0x";
				CLANG_CXX_LIBRARY = "libc++";
				CLANG_ENABLE_MODULES = YES;
				CLANG_ENABLE_OBJC_ARC = YES;
				CLANG_WARN_BOOL_CONVERSION = YES;
				CLANG_WARN_CONSTANT_CONVERSION = YES;
				CLANG_WARN_DIRECT_OBJC_ISA_USAGE = YES_ERROR;
				CLANG_WARN_EMPTY_BODY = YES;
				CLANG_WARN_ENUM_CONVERSION = YES;
				CLANG_WARN_INT_CONVERSION = YES;
				CLANG_WARN_OBJC_ROOT_CLASS = YES_ERROR;
				CLANG_WARN_UNREACHABLE_CODE = YES;
				CLANG_WARN__DUPLICATE_METHOD_MATCH = YES;
				"CODE_SIGN_IDENTITY[sdk=iphoneos*]" = "iPhone Developer";
				COPY_PHASE_STRIP = NO;
				DEBUG_INFORMATION_FORMAT = dwarf;
				ENABLE_STRICT_OBJC_MSGSEND = YES;
				ENABLE_TESTABILITY = YES;
				GCC_C_LANGUAGE_STANDARD = gnu99;
				GCC_DYNAMIC_NO_PIC = NO;
				GCC_NO_COMMON_BLOCKS = YES;
				GCC_OPTIMIZATION_LEVEL = 0;
				GCC_PREPROCESSOR_DEFINITIONS = (
					"DEBUG=1",
					"$(inherited)",
				);
				GCC_WARN_64_TO_32_BIT_CONVERSION = YES;
				GCC_WARN_ABOUT_RETURN_TYPE = YES_ERROR;
				GCC_WARN_UNDECLARED_SELECTOR = YES;
				GCC_WARN_UNINITIALIZED_AUTOS = YES_AGGRESSIVE;
				GCC_WARN_UNUSED_FUNCTION = YES;
				GCC_WARN_UNUSED_VARIABLE = YES;
				IPHONEOS_DEPLOYMENT_TARGET = 9.2;
				MTL_ENABLE_DEBUG_INFO = YES;
				ONLY_ACTIVE_ARCH = YES;
				SDKROOT = iphoneos;
				SWIFT_OPTIMIZATION_LEVEL = "-Onone";
				TARGETED_DEVICE_FAMILY = "1,2";
			};
			name = Debug;
		};
		56F7307D1C27E0E600941962 /* Release */ = {
			isa = XCBuildConfiguration;
			buildSettings = {
				ALWAYS_SEARCH_USER_PATHS = NO;
				CLANG_CXX_LANGUAGE_STANDARD = "gnu++0x";
				CLANG_CXX_LIBRARY = "libc++";
				CLANG_ENABLE_MODULES = YES;
				CLANG_ENABLE_OBJC_ARC = YES;
				CLANG_WARN_BOOL_CONVERSION = YES;
				CLANG_WARN_CONSTANT_CONVERSION = YES;
				CLANG_WARN_DIRECT_OBJC_ISA_USAGE = YES_ERROR;
				CLANG_WARN_EMPTY_BODY = YES;
				CLANG_WARN_ENUM_CONVERSION = YES;
				CLANG_WARN_INT_CONVERSION = YES;
				CLANG_WARN_OBJC_ROOT_CLASS = YES_ERROR;
				CLANG_WARN_UNREACHABLE_CODE = YES;
				CLANG_WARN__DUPLICATE_METHOD_MATCH = YES;
				"CODE_SIGN_IDENTITY[sdk=iphoneos*]" = "iPhone Developer";
				COPY_PHASE_STRIP = NO;
				DEBUG_INFORMATION_FORMAT = "dwarf-with-dsym";
				ENABLE_NS_ASSERTIONS = NO;
				ENABLE_STRICT_OBJC_MSGSEND = YES;
				GCC_C_LANGUAGE_STANDARD = gnu99;
				GCC_NO_COMMON_BLOCKS = YES;
				GCC_WARN_64_TO_32_BIT_CONVERSION = YES;
				GCC_WARN_ABOUT_RETURN_TYPE = YES_ERROR;
				GCC_WARN_UNDECLARED_SELECTOR = YES;
				GCC_WARN_UNINITIALIZED_AUTOS = YES_AGGRESSIVE;
				GCC_WARN_UNUSED_FUNCTION = YES;
				GCC_WARN_UNUSED_VARIABLE = YES;
				IPHONEOS_DEPLOYMENT_TARGET = 9.2;
				MTL_ENABLE_DEBUG_INFO = NO;
				SDKROOT = iphoneos;
				TARGETED_DEVICE_FAMILY = "1,2";
				VALIDATE_PRODUCT = YES;
			};
			name = Release;
		};
		56F7307F1C27E0E600941962 /* Debug */ = {
			isa = XCBuildConfiguration;
			buildSettings = {
				ASSETCATALOG_COMPILER_APPICON_NAME = AppIcon;
				INFOPLIST_FILE = BWCurrencyPickerView/Info.plist;
				LD_RUNPATH_SEARCH_PATHS = "$(inherited) @executable_path/Frameworks";
				PRODUCT_BUNDLE_IDENTIFIER = bastianwirth.BWCurrencyPickerView;
				PRODUCT_NAME = "$(TARGET_NAME)";
			};
			name = Debug;
		};
		56F730801C27E0E600941962 /* Release */ = {
			isa = XCBuildConfiguration;
			buildSettings = {
				ASSETCATALOG_COMPILER_APPICON_NAME = AppIcon;
				INFOPLIST_FILE = BWCurrencyPickerView/Info.plist;
				LD_RUNPATH_SEARCH_PATHS = "$(inherited) @executable_path/Frameworks";
				PRODUCT_BUNDLE_IDENTIFIER = bastianwirth.BWCurrencyPickerView;
				PRODUCT_NAME = "$(TARGET_NAME)";
			};
			name = Release;
		};
/* End XCBuildConfiguration section */

/* Begin XCConfigurationList section */
		56F730671C27E0E600941962 /* Build configuration list for PBXProject "BWCurrencyPickerView" */ = {
			isa = XCConfigurationList;
			buildConfigurations = (
				56F7307C1C27E0E600941962 /* Debug */,
				56F7307D1C27E0E600941962 /* Release */,
			);
			defaultConfigurationIsVisible = 0;
			defaultConfigurationName = Release;
		};
		56F7307E1C27E0E600941962 /* Build configuration list for PBXNativeTarget "BWCurrencyPickerView" */ = {
			isa = XCConfigurationList;
			buildConfigurations = (
				56F7307F1C27E0E600941962 /* Debug */,
				56F730801C27E0E600941962 /* Release */,
			);
			defaultConfigurationIsVisible = 0;
		};
/* End XCConfigurationList section */
	};
	rootObject = 56F730641C27E0E600941962 /* Project object */;
}
